
Microsoft Visual Studio Solution File, Format Version 12.00
# Visual Studio Version 17
VisualStudioVersion = 17.4.33103.184
MinimumVisualStudioVersion = 10.0.40219.1
Project("{FAE04EC0-301F-11D3-BF4B-00C04F79EFBC}") = "ConsoleApp7", "ConsoleApp7\ConsoleApp7.csproj", "{39D6172B-E4D8-445F-B343-99CDA063BA8C}"
EndProject
Global
	GlobalSection(SolutionConfigurationPlatforms) = preSolution
		Debug|Any CPU = Debug|Any CPU
		Release|Any CPU = Release|Any CPU
	EndGlobalSection
	GlobalSection(ProjectConfigurationPlatforms) = postSolution
		{39D6172B-E4D8-445F-B343-99CDA063BA8C}.Debug|Any CPU.ActiveCfg = Debug|Any CPU
		{39D6172B-E4D8-445F-B343-99CDA063BA8C}.Debug|Any CPU.Build.0 = Debug|Any CPU
		{39D6172B-E4D8-445F-B343-99CDA063BA8C}.Release|Any CPU.ActiveCfg = Release|Any CPU
		{39D6172B-E4D8-445F-B343-99CDA063BA8C}.Release|Any CPU.Build.0 = Release|Any CPU
	EndGlobalSection
	GlobalSection(SolutionProperties) = preSolution
		HideSolutionNode = FALSE
	EndGlobalSection
	GlobalSection(ExtensibilityGlobals) = postSolution
		SolutionGuid = {A4D76EE5-0B9A-4ACA-BCCF-9E0ACA9C9C0A}
	EndGlobalSection
EndGlobal
